// !$*UTF8*$!
{
	archiveVersion = 1;
	classes = {
	};
	objectVersion = 55;
	objects = {

/* Begin PBXBuildFile section */
		A62354BF28BCB5D000AD9F21 /* surfspotApp.swift in Sources */ = {isa = PBXBuildFile; fileRef = A62354BE28BCB5D000AD9F21 /* surfspotApp.swift */; };
		A62354C128BCB5D000AD9F21 /* ContentView.swift in Sources */ = {isa = PBXBuildFile; fileRef = A62354C028BCB5D000AD9F21 /* ContentView.swift */; };
		A62354C328BCB5D300AD9F21 /* Assets.xcassets in Resources */ = {isa = PBXBuildFile; fileRef = A62354C228BCB5D300AD9F21 /* Assets.xcassets */; };
		A62354C628BCB5D300AD9F21 /* Preview Assets.xcassets in Resources */ = {isa = PBXBuildFile; fileRef = A62354C528BCB5D300AD9F21 /* Preview Assets.xcassets */; };
		A62354D028BCB5D300AD9F21 /* surfspotTests.swift in Sources */ = {isa = PBXBuildFile; fileRef = A62354CF28BCB5D300AD9F21 /* surfspotTests.swift */; };
		A62354DA28BCB5D300AD9F21 /* surfspotUITests.swift in Sources */ = {isa = PBXBuildFile; fileRef = A62354D928BCB5D300AD9F21 /* surfspotUITests.swift */; };
		A62354DC28BCB5D300AD9F21 /* surfspotUITestsLaunchTests.swift in Sources */ = {isa = PBXBuildFile; fileRef = A62354DB28BCB5D300AD9F21 /* surfspotUITestsLaunchTests.swift */; };
/* End PBXBuildFile section */

/* Begin PBXContainerItemProxy section */
		A62354CC28BCB5D300AD9F21 /* PBXContainerItemProxy */ = {
			isa = PBXContainerItemProxy;
			containerPortal = A62354B328BCB5D000AD9F21 /* Project object */;
			proxyType = 1;
			remoteGlobalIDString = A62354BA28BCB5D000AD9F21;
			remoteInfo = surfspot;
		};
		A62354D628BCB5D300AD9F21 /* PBXContainerItemProxy */ = {
			isa = PBXContainerItemProxy;
			containerPortal = A62354B328BCB5D000AD9F21 /* Project object */;
			proxyType = 1;
			remoteGlobalIDString = A62354BA28BCB5D000AD9F21;
			remoteInfo = surfspot;
		};
/* End PBXContainerItemProxy section */

/* Begin PBXFileReference section */
		A62354BB28BCB5D000AD9F21 /* surfspot.app */ = {isa = PBXFileReference; explicitFileType = wrapper.application; includeInIndex = 0; path = surfspot.app; sourceTree = BUILT_PRODUCTS_DIR; };
		A62354BE28BCB5D000AD9F21 /* surfspotApp.swift */ = {isa = PBXFileReference; lastKnownFileType = sourcecode.swift; path = surfspotApp.swift; sourceTree = "<group>"; };
		A62354C028BCB5D000AD9F21 /* ContentView.swift */ = {isa = PBXFileReference; lastKnownFileType = sourcecode.swift; path = ContentView.swift; sourceTree = "<group>"; };
		A62354C228BCB5D300AD9F21 /* Assets.xcassets */ = {isa = PBXFileReference; lastKnownFileType = folder.assetcatalog; path = Assets.xcassets; sourceTree = "<group>"; };
		A62354C528BCB5D300AD9F21 /* Preview Assets.xcassets */ = {isa = PBXFileReference; lastKnownFileType = folder.assetcatalog; path = "Preview Assets.xcassets"; sourceTree = "<group>"; };
		A62354CB28BCB5D300AD9F21 /* surfspotTests.xctest */ = {isa = PBXFileReference; explicitFileType = wrapper.cfbundle; includeInIndex = 0; path = surfspotTests.xctest; sourceTree = BUILT_PRODUCTS_DIR; };
		A62354CF28BCB5D300AD9F21 /* surfspotTests.swift */ = {isa = PBXFileReference; lastKnownFileType = sourcecode.swift; path = surfspotTests.swift; sourceTree = "<group>"; };
		A62354D528BCB5D300AD9F21 /* surfspotUITests.xctest */ = {isa = PBXFileReference; explicitFileType = wrapper.cfbundle; includeInIndex = 0; path = surfspotUITests.xctest; sourceTree = BUILT_PRODUCTS_DIR; };
		A62354D928BCB5D300AD9F21 /* surfspotUITests.swift */ = {isa = PBXFileReference; lastKnownFileType = sourcecode.swift; path = surfspotUITests.swift; sourceTree = "<group>"; };
		A62354DB28BCB5D300AD9F21 /* surfspotUITestsLaunchTests.swift */ = {isa = PBXFileReference; lastKnownFileType = sourcecode.swift; path = surfspotUITestsLaunchTests.swift; sourceTree = "<group>"; };
/* End PBXFileReference section */

/* Begin PBXFrameworksBuildPhase section */
		A62354B828BCB5D000AD9F21 /* Frameworks */ = {
			isa = PBXFrameworksBuildPhase;
			buildActionMask = 2147483647;
			files = (
			);
			runOnlyForDeploymentPostprocessing = 0;
		};
		A62354C828BCB5D300AD9F21 /* Frameworks */ = {
			isa = PBXFrameworksBuildPhase;
			buildActionMask = 2147483647;
			files = (
			);
			runOnlyForDeploymentPostprocessing = 0;
		};
		A62354D228BCB5D300AD9F21 /* Frameworks */ = {
			isa = PBXFrameworksBuildPhase;
			buildActionMask = 2147483647;
			files = (
			);
			runOnlyForDeploymentPostprocessing = 0;
		};
/* End PBXFrameworksBuildPhase section */

/* Begin PBXGroup section */
		A62354B228BCB5D000AD9F21 = {
			isa = PBXGroup;
			children = (
				A62354BD28BCB5D000AD9F21 /* surfspot */,
				A62354CE28BCB5D300AD9F21 /* surfspotTests */,
				A62354D828BCB5D300AD9F21 /* surfspotUITests */,
				A62354BC28BCB5D000AD9F21 /* Products */,
			);
			sourceTree = "<group>";
		};
		A62354BC28BCB5D000AD9F21 /* Products */ = {
			isa = PBXGroup;
			children = (
				A62354BB28BCB5D000AD9F21 /* surfspot.app */,
				A62354CB28BCB5D300AD9F21 /* surfspotTests.xctest */,
				A62354D528BCB5D300AD9F21 /* surfspotUITests.xctest */,
			);
			name = Products;
			sourceTree = "<group>";
		};
		A62354BD28BCB5D000AD9F21 /* surfspot */ = {
			isa = PBXGroup;
			children = (
				A62354BE28BCB5D000AD9F21 /* surfspotApp.swift */,
				A62354C028BCB5D000AD9F21 /* ContentView.swift */,
				A62354C228BCB5D300AD9F21 /* Assets.xcassets */,
				A62354C428BCB5D300AD9F21 /* Preview Content */,
			);
			path = surfspot;
			sourceTree = "<group>";
		};
		A62354C428BCB5D300AD9F21 /* Preview Content */ = {
			isa = PBXGroup;
			children = (
				A62354C528BCB5D300AD9F21 /* Preview Assets.xcassets */,
			);
			path = "Preview Content";
			sourceTree = "<group>";
		};
		A62354CE28BCB5D300AD9F21 /* surfspotTests */ = {
			isa = PBXGroup;
			children = (
				A62354CF28BCB5D300AD9F21 /* surfspotTests.swift */,
			);
			path = surfspotTests;
			sourceTree = "<group>";
		};
		A62354D828BCB5D300AD9F21 /* surfspotUITests */ = {
			isa = PBXGroup;
			children = (
				A62354D928BCB5D300AD9F21 /* surfspotUITests.swift */,
				A62354DB28BCB5D300AD9F21 /* surfspotUITestsLaunchTests.swift */,
			);
			path = surfspotUITests;
			sourceTree = "<group>";
		};
/* End PBXGroup section */

/* Begin PBXNativeTarget section */
		A62354BA28BCB5D000AD9F21 /* surfspot */ = {
			isa = PBXNativeTarget;
			buildConfigurationList = A62354DF28BCB5D300AD9F21 /* Build configuration list for PBXNativeTarget "surfspot" */;
			buildPhases = (
				A62354B728BCB5D000AD9F21 /* Sources */,
				A62354B828BCB5D000AD9F21 /* Frameworks */,
				A62354B928BCB5D000AD9F21 /* Resources */,
			);
			buildRules = (
			);
			dependencies = (
			);
			name = surfspot;
			productName = surfspot;
			productReference = A62354BB28BCB5D000AD9F21 /* surfspot.app */;
			productType = "com.apple.product-type.application";
		};
		A62354CA28BCB5D300AD9F21 /* surfspotTests */ = {
			isa = PBXNativeTarget;
			buildConfigurationList = A62354E228BCB5D300AD9F21 /* Build configuration list for PBXNativeTarget "surfspotTests" */;
			buildPhases = (
				A62354C728BCB5D300AD9F21 /* Sources */,
				A62354C828BCB5D300AD9F21 /* Frameworks */,
				A62354C928BCB5D300AD9F21 /* Resources */,
			);
			buildRules = (
			);
			dependencies = (
				A62354CD28BCB5D300AD9F21 /* PBXTargetDependency */,
			);
			name = surfspotTests;
			productName = surfspotTests;
			productReference = A62354CB28BCB5D300AD9F21 /* surfspotTests.xctest */;
			productType = "com.apple.product-type.bundle.unit-test";
		};
		A62354D428BCB5D300AD9F21 /* surfspotUITests */ = {
			isa = PBXNativeTarget;
			buildConfigurationList = A62354E528BCB5D300AD9F21 /* Build configuration list for PBXNativeTarget "surfspotUITests" */;
			buildPhases = (
				A62354D128BCB5D300AD9F21 /* Sources */,
				A62354D228BCB5D300AD9F21 /* Frameworks */,
				A62354D328BCB5D300AD9F21 /* Resources */,
			);
			buildRules = (
			);
			dependencies = (
				A62354D728BCB5D300AD9F21 /* PBXTargetDependency */,
			);
			name = surfspotUITests;
			productName = surfspotUITests;
			productReference = A62354D528BCB5D300AD9F21 /* surfspotUITests.xctest */;
			productType = "com.apple.product-type.bundle.ui-testing";
		};
/* End PBXNativeTarget section */

/* Begin PBXProject section */
		A62354B328BCB5D000AD9F21 /* Project object */ = {
			isa = PBXProject;
			attributes = {
				BuildIndependentTargetsInParallel = 1;
				LastSwiftUpdateCheck = 1340;
				LastUpgradeCheck = 1340;
				TargetAttributes = {
					A62354BA28BCB5D000AD9F21 = {
						CreatedOnToolsVersion = 13.4.1;
					};
					A62354CA28BCB5D300AD9F21 = {
						CreatedOnToolsVersion = 13.4.1;
						TestTargetID = A62354BA28BCB5D000AD9F21;
					};
					A62354D428BCB5D300AD9F21 = {
						CreatedOnToolsVersion = 13.4.1;
						TestTargetID = A62354BA28BCB5D000AD9F21;
					};
				};
			};
			buildConfigurationList = A62354B628BCB5D000AD9F21 /* Build configuration list for PBXProject "surfspot" */;
			compatibilityVersion = "Xcode 13.0";
			developmentRegion = en;
			hasScannedForEncodings = 0;
			knownRegions = (
				en,
				Base,
			);
			mainGroup = A62354B228BCB5D000AD9F21;
			productRefGroup = A62354BC28BCB5D000AD9F21 /* Products */;
			projectDirPath = "";
			projectRoot = "";
			targets = (
				A62354BA28BCB5D000AD9F21 /* surfspot */,
				A62354CA28BCB5D300AD9F21 /* surfspotTests */,
				A62354D428BCB5D300AD9F21 /* surfspotUITests */,
			);
		};
/* End PBXProject section */

/* Begin PBXResourcesBuildPhase section */
		A62354B928BCB5D000AD9F21 /* Resources */ = {
			isa = PBXResourcesBuildPhase;
			buildActionMask = 2147483647;
			files = (
				A62354C628BCB5D300AD9F21 /* Preview Assets.xcassets in Resources */,
				A62354C328BCB5D300AD9F21 /* Assets.xcassets in Resources */,
			);
			runOnlyForDeploymentPostprocessing = 0;
		};
		A62354C928BCB5D300AD9F21 /* Resources */ = {
			isa = PBXResourcesBuildPhase;
			buildActionMask = 2147483647;
			files = (
			);
			runOnlyForDeploymentPostprocessing = 0;
		};
		A62354D328BCB5D300AD9F21 /* Resources */ = {
			isa = PBXResourcesBuildPhase;
			buildActionMask = 2147483647;
			files = (
			);
			runOnlyForDeploymentPostprocessing = 0;
		};
/* End PBXResourcesBuildPhase section */

/* Begin PBXSourcesBuildPhase section */
		A62354B728BCB5D000AD9F21 /* Sources */ = {
			isa = PBXSourcesBuildPhase;
			buildActionMask = 2147483647;
			files = (
				A62354C128BCB5D000AD9F21 /* ContentView.swift in Sources */,
				A62354BF28BCB5D000AD9F21 /* surfspotApp.swift in Sources */,
			);
			runOnlyForDeploymentPostprocessing = 0;
		};
		A62354C728BCB5D300AD9F21 /* Sources */ = {
			isa = PBXSourcesBuildPhase;
			buildActionMask = 2147483647;
			files = (
				A62354D028BCB5D300AD9F21 /* surfspotTests.swift in Sources */,
			);
			runOnlyForDeploymentPostprocessing = 0;
		};
		A62354D128BCB5D300AD9F21 /* Sources */ = {
			isa = PBXSourcesBuildPhase;
			buildActionMask = 2147483647;
			files = (
				A62354DC28BCB5D300AD9F21 /* surfspotUITestsLaunchTests.swift in Sources */,
				A62354DA28BCB5D300AD9F21 /* surfspotUITests.swift in Sources */,
			);
			runOnlyForDeploymentPostprocessing = 0;
		};
/* End PBXSourcesBuildPhase section */

/* Begin PBXTargetDependency section */
		A62354CD28BCB5D300AD9F21 /* PBXTargetDependency */ = {
			isa = PBXTargetDependency;
			target = A62354BA28BCB5D000AD9F21 /* surfspot */;
			targetProxy = A62354CC28BCB5D300AD9F21 /* PBXContainerItemProxy */;
		};
		A62354D728BCB5D300AD9F21 /* PBXTargetDependency */ = {
			isa = PBXTargetDependency;
			target = A62354BA28BCB5D000AD9F21 /* surfspot */;
			targetProxy = A62354D628BCB5D300AD9F21 /* PBXContainerItemProxy */;
		};
/* End PBXTargetDependency section */

/* Begin XCBuildConfiguration section */
		A62354DD28BCB5D300AD9F21 /* Debug */ = {
			isa = XCBuildConfiguration;
			buildSettings = {
				ALWAYS_SEARCH_USER_PATHS = NO;
				CLANG_ANALYZER_NONNULL = YES;
				CLANG_ANALYZER_NUMBER_OBJECT_CONVERSION = YES_AGGRESSIVE;
				CLANG_CXX_LANGUAGE_STANDARD = "gnu++17";
				CLANG_ENABLE_MODULES = YES;
				CLANG_ENABLE_OBJC_ARC = YES;
				CLANG_ENABLE_OBJC_WEAK = YES;
				CLANG_WARN_BLOCK_CAPTURE_AUTORELEASING = YES;
				CLANG_WARN_BOOL_CONVERSION = YES;
				CLANG_WARN_COMMA = YES;
				CLANG_WARN_CONSTANT_CONVERSION = YES;
				CLANG_WARN_DEPRECATED_OBJC_IMPLEMENTATIONS = YES;
				CLANG_WARN_DIRECT_OBJC_ISA_USAGE = YES_ERROR;
				CLANG_WARN_DOCUMENTATION_COMMENTS = YES;
				CLANG_WARN_EMPTY_BODY = YES;
				CLANG_WARN_ENUM_CONVERSION = YES;
				CLANG_WARN_INFINITE_RECURSION = YES;
				CLANG_WARN_INT_CONVERSION = YES;
				CLANG_WARN_NON_LITERAL_NULL_CONVERSION = YES;
				CLANG_WARN_OBJC_IMPLICIT_RETAIN_SELF = YES;
				CLANG_WARN_OBJC_LITERAL_CONVERSION = YES;
				CLANG_WARN_OBJC_ROOT_CLASS = YES_ERROR;
				CLANG_WARN_QUOTED_INCLUDE_IN_FRAMEWORK_HEADER = YES;
				CLANG_WARN_RANGE_LOOP_ANALYSIS = YES;
				CLANG_WARN_STRICT_PROTOTYPES = YES;
				CLANG_WARN_SUSPICIOUS_MOVE = YES;
				CLANG_WARN_UNGUARDED_AVAILABILITY = YES_AGGRESSIVE;
				CLANG_WARN_UNREACHABLE_CODE = YES;
				CLANG_WARN__DUPLICATE_METHOD_MATCH = YES;
				COPY_PHASE_STRIP = NO;
				DEBUG_INFORMATION_FORMAT = dwarf;
				ENABLE_STRICT_OBJC_MSGSEND = YES;
				ENABLE_TESTABILITY = YES;
				GCC_C_LANGUAGE_STANDARD = gnu11;
				GCC_DYNAMIC_NO_PIC = NO;
				GCC_NO_COMMON_BLOCKS = YES;
				GCC_OPTIMIZATION_LEVEL = 0;
				GCC_PREPROCESSOR_DEFINITIONS = (
					"DEBUG=1",
					"$(inherited)",
				);
				GCC_WARN_64_TO_32_BIT_CONVERSION = YES;
				GCC_WARN_ABOUT_RETURN_TYPE = YES_ERROR;
				GCC_WARN_UNDECLARED_SELECTOR = YES;
				GCC_WARN_UNINITIALIZED_AUTOS = YES_AGGRESSIVE;
				GCC_WARN_UNUSED_FUNCTION = YES;
				GCC_WARN_UNUSED_VARIABLE = YES;
				IPHONEOS_DEPLOYMENT_TARGET = 15.5;
				MTL_ENABLE_DEBUG_INFO = INCLUDE_SOURCE;
				MTL_FAST_MATH = YES;
				ONLY_ACTIVE_ARCH = YES;
				SDKROOT = iphoneos;
				SWIFT_ACTIVE_COMPILATION_CONDITIONS = DEBUG;
				SWIFT_OPTIMIZATION_LEVEL = "-Onone";
			};
			name = Debug;
		};
		A62354DE28BCB5D300AD9F21 /* Release */ = {
			isa = XCBuildConfiguration;
			buildSettings = {
				ALWAYS_SEARCH_USER_PATHS = NO;
				CLANG_ANALYZER_NONNULL = YES;
				CLANG_ANALYZER_NUMBER_OBJECT_CONVERSION = YES_AGGRESSIVE;
				CLANG_CXX_LANGUAGE_STANDARD = "gnu++17";
				CLANG_ENABLE_MODULES = YES;
				CLANG_ENABLE_OBJC_ARC = YES;
				CLANG_ENABLE_OBJC_WEAK = YES;
				CLANG_WARN_BLOCK_CAPTURE_AUTORELEASING = YES;
				CLANG_WARN_BOOL_CONVERSION = YES;
				CLANG_WARN_COMMA = YES;
				CLANG_WARN_CONSTANT_CONVERSION = YES;
				CLANG_WARN_DEPRECATED_OBJC_IMPLEMENTATIONS = YES;
				CLANG_WARN_DIRECT_OBJC_ISA_USAGE = YES_ERROR;
				CLANG_WARN_DOCUMENTATION_COMMENTS = YES;
				CLANG_WARN_EMPTY_BODY = YES;
				CLANG_WARN_ENUM_CONVERSION = YES;
				CLANG_WARN_INFINITE_RECURSION = YES;
				CLANG_WARN_INT_CONVERSION = YES;
				CLANG_WARN_NON_LITERAL_NULL_CONVERSION = YES;
				CLANG_WARN_OBJC_IMPLICIT_RETAIN_SELF = YES;
				CLANG_WARN_OBJC_LITERAL_CONVERSION = YES;
				CLANG_WARN_OBJC_ROOT_CLASS = YES_ERROR;
				CLANG_WARN_QUOTED_INCLUDE_IN_FRAMEWORK_HEADER = YES;
				CLANG_WARN_RANGE_LOOP_ANALYSIS = YES;
				CLANG_WARN_STRICT_PROTOTYPES = YES;
				CLANG_WARN_SUSPICIOUS_MOVE = YES;
				CLANG_WARN_UNGUARDED_AVAILABILITY = YES_AGGRESSIVE;
				CLANG_WARN_UNREACHABLE_CODE = YES;
				CLANG_WARN__DUPLICATE_METHOD_MATCH = YES;
				COPY_PHASE_STRIP = NO;
				DEBUG_INFORMATION_FORMAT = "dwarf-with-dsym";
				ENABLE_NS_ASSERTIONS = NO;
				ENABLE_STRICT_OBJC_MSGSEND = YES;
				GCC_C_LANGUAGE_STANDARD = gnu11;
				GCC_NO_COMMON_BLOCKS = YES;
				GCC_WARN_64_TO_32_BIT_CONVERSION = YES;
				GCC_WARN_ABOUT_RETURN_TYPE = YES_ERROR;
				GCC_WARN_UNDECLARED_SELECTOR = YES;
				GCC_WARN_UNINITIALIZED_AUTOS = YES_AGGRESSIVE;
				GCC_WARN_UNUSED_FUNCTION = YES;
				GCC_WARN_UNUSED_VARIABLE = YES;
				IPHONEOS_DEPLOYMENT_TARGET = 15.5;
				MTL_ENABLE_DEBUG_INFO = NO;
				MTL_FAST_MATH = YES;
				SDKROOT = iphoneos;
				SWIFT_COMPILATION_MODE = wholemodule;
				SWIFT_OPTIMIZATION_LEVEL = "-O";
				VALIDATE_PRODUCT = YES;
			};
			name = Release;
		};
		A62354E028BCB5D300AD9F21 /* Debug */ = {
			isa = XCBuildConfiguration;
			buildSettings = {
				ASSETCATALOG_COMPILER_APPICON_NAME = AppIcon;
				ASSETCATALOG_COMPILER_GLOBAL_ACCENT_COLOR_NAME = AccentColor;
				CODE_SIGN_STYLE = Automatic;
				CURRENT_PROJECT_VERSION = 1;
				DEVELOPMENT_ASSET_PATHS = "\"surfspot/Preview Content\"";
				DEVELOPMENT_TEAM = LR996K9262;
				ENABLE_PREVIEWS = YES;
				GENERATE_INFOPLIST_FILE = YES;
				INFOPLIST_KEY_UIApplicationSceneManifest_Generation = YES;
				INFOPLIST_KEY_UIApplicationSupportsIndirectInputEvents = YES;
				INFOPLIST_KEY_UILaunchScreen_Generation = YES;
				INFOPLIST_KEY_UISupportedInterfaceOrientations_iPad = "UIInterfaceOrientationPortrait UIInterfaceOrientationPortraitUpsideDown UIInterfaceOrientationLandscapeLeft UIInterfaceOrientationLandscapeRight";
				INFOPLIST_KEY_UISupportedInterfaceOrientations_iPhone = "UIInterfaceOrientationPortrait UIInterfaceOrientationLandscapeLeft UIInterfaceOrientationLandscapeRight";
				LD_RUNPATH_SEARCH_PATHS = (
					"$(inherited)",
					"@executable_path/Frameworks",
				);
				MARKETING_VERSION = 1.0;
				PRODUCT_BUNDLE_IDENTIFIER = DaSwifties.surfspot;
				PRODUCT_NAME = "$(TARGET_NAME)";
				SWIFT_EMIT_LOC_STRINGS = YES;
				SWIFT_VERSION = 5.0;
				TARGETED_DEVICE_FAMILY = "1,2";
			};
			name = Debug;
		};
		A62354E128BCB5D300AD9F21 /* Release */ = {
			isa = XCBuildConfiguration;
			buildSettings = {
				ASSETCATALOG_COMPILER_APPICON_NAME = AppIcon;
				ASSETCATALOG_COMPILER_GLOBAL_ACCENT_COLOR_NAME = AccentColor;
				CODE_SIGN_STYLE = Automatic;
				CURRENT_PROJECT_VERSION = 1;
				DEVELOPMENT_ASSET_PATHS = "\"surfspot/Preview Content\"";
				DEVELOPMENT_TEAM = LR996K9262;
				ENABLE_PREVIEWS = YES;
				GENERATE_INFOPLIST_FILE = YES;
				INFOPLIST_KEY_UIApplicationSceneManifest_Generation = YES;
				INFOPLIST_KEY_UIApplicationSupportsIndirectInputEvents = YES;
				INFOPLIST_KEY_UILaunchScreen_Generation = YES;
				INFOPLIST_KEY_UISupportedInterfaceOrientations_iPad = "UIInterfaceOrientationPortrait UIInterfaceOrientationPortraitUpsideDown UIInterfaceOrientationLandscapeLeft UIInterfaceOrientationLandscapeRight";
				INFOPLIST_KEY_UISupportedInterfaceOrientations_iPhone = "UIInterfaceOrientationPortrait UIInterfaceOrientationLandscapeLeft UIInterfaceOrientationLandscapeRight";
				LD_RUNPATH_SEARCH_PATHS = (
					"$(inherited)",
					"@executable_path/Frameworks",
				);
				MARKETING_VERSION = 1.0;
				PRODUCT_BUNDLE_IDENTIFIER = DaSwifties.surfspot;
				PRODUCT_NAME = "$(TARGET_NAME)";
				SWIFT_EMIT_LOC_STRINGS = YES;
				SWIFT_VERSION = 5.0;
				TARGETED_DEVICE_FAMILY = "1,2";
			};
			name = Release;
		};
		A62354E328BCB5D300AD9F21 /* Debug */ = {
			isa = XCBuildConfiguration;
			buildSettings = {
				ALWAYS_EMBED_SWIFT_STANDARD_LIBRARIES = YES;
				BUNDLE_LOADER = "$(TEST_HOST)";
				CODE_SIGN_STYLE = Automatic;
				CURRENT_PROJECT_VERSION = 1;
				DEVELOPMENT_TEAM = LR996K9262;
				GENERATE_INFOPLIST_FILE = YES;
				IPHONEOS_DEPLOYMENT_TARGET = 15.5;
				MARKETING_VERSION = 1.0;
				PRODUCT_BUNDLE_IDENTIFIER = DaSwifties.surfspotTests;
				PRODUCT_NAME = "$(TARGET_NAME)";
				SWIFT_EMIT_LOC_STRINGS = NO;
				SWIFT_VERSION = 5.0;
				TARGETED_DEVICE_FAMILY = "1,2";
				TEST_HOST = "$(BUILT_PRODUCTS_DIR)/surfspot.app/surfspot";
			};
			name = Debug;
		};
		A62354E428BCB5D300AD9F21 /* Release */ = {
			isa = XCBuildConfiguration;
			buildSettings = {
				ALWAYS_EMBED_SWIFT_STANDARD_LIBRARIES = YES;
				BUNDLE_LOADER = "$(TEST_HOST)";
				CODE_SIGN_STYLE = Automatic;
				CURRENT_PROJECT_VERSION = 1;
				DEVELOPMENT_TEAM = LR996K9262;
				GENERATE_INFOPLIST_FILE = YES;
				IPHONEOS_DEPLOYMENT_TARGET = 15.5;
				MARKETING_VERSION = 1.0;
				PRODUCT_BUNDLE_IDENTIFIER = DaSwifties.surfspotTests;
				PRODUCT_NAME = "$(TARGET_NAME)";
				SWIFT_EMIT_LOC_STRINGS = NO;
				SWIFT_VERSION = 5.0;
				TARGETED_DEVICE_FAMILY = "1,2";
				TEST_HOST = "$(BUILT_PRODUCTS_DIR)/surfspot.app/surfspot";
			};
			name = Release;
		};
		A62354E628BCB5D300AD9F21 /* Debug */ = {
			isa = XCBuildConfiguration;
			buildSettings = {
				ALWAYS_EMBED_SWIFT_STANDARD_LIBRARIES = YES;
				CODE_SIGN_STYLE = Automatic;
				CURRENT_PROJECT_VERSION = 1;
				DEVELOPMENT_TEAM = LR996K9262;
				GENERATE_INFOPLIST_FILE = YES;
				MARKETING_VERSION = 1.0;
				PRODUCT_BUNDLE_IDENTIFIER = DaSwifties.surfspotUITests;
				PRODUCT_NAME = "$(TARGET_NAME)";
				SWIFT_EMIT_LOC_STRINGS = NO;
				SWIFT_VERSION = 5.0;
				TARGETED_DEVICE_FAMILY = "1,2";
				TEST_TARGET_NAME = surfspot;
			};
			name = Debug;
		};
		A62354E728BCB5D300AD9F21 /* Release */ = {
			isa = XCBuildConfiguration;
			buildSettings = {
				ALWAYS_EMBED_SWIFT_STANDARD_LIBRARIES = YES;
				CODE_SIGN_STYLE = Automatic;
				CURRENT_PROJECT_VERSION = 1;
				DEVELOPMENT_TEAM = LR996K9262;
				GENERATE_INFOPLIST_FILE = YES;
				MARKETING_VERSION = 1.0;
				PRODUCT_BUNDLE_IDENTIFIER = DaSwifties.surfspotUITests;
				PRODUCT_NAME = "$(TARGET_NAME)";
				SWIFT_EMIT_LOC_STRINGS = NO;
				SWIFT_VERSION = 5.0;
				TARGETED_DEVICE_FAMILY = "1,2";
				TEST_TARGET_NAME = surfspot;
			};
			name = Release;
		};
/* End XCBuildConfiguration section */

/* Begin XCConfigurationList section */
		A62354B628BCB5D000AD9F21 /* Build configuration list for PBXProject "surfspot" */ = {
			isa = XCConfigurationList;
			buildConfigurations = (
				A62354DD28BCB5D300AD9F21 /* Debug */,
				A62354DE28BCB5D300AD9F21 /* Release */,
			);
			defaultConfigurationIsVisible = 0;
			defaultConfigurationName = Release;
		};
		A62354DF28BCB5D300AD9F21 /* Build configuration list for PBXNativeTarget "surfspot" */ = {
			isa = XCConfigurationList;
			buildConfigurations = (
				A62354E028BCB5D300AD9F21 /* Debug */,
				A62354E128BCB5D300AD9F21 /* Release */,
			);
			defaultConfigurationIsVisible = 0;
			defaultConfigurationName = Release;
		};
		A62354E228BCB5D300AD9F21 /* Build configuration list for PBXNativeTarget "surfspotTests" */ = {
			isa = XCConfigurationList;
			buildConfigurations = (
				A62354E328BCB5D300AD9F21 /* Debug */,
				A62354E428BCB5D300AD9F21 /* Release */,
			);
			defaultConfigurationIsVisible = 0;
			defaultConfigurationName = Release;
		};
		A62354E528BCB5D300AD9F21 /* Build configuration list for PBXNativeTarget "surfspotUITests" */ = {
			isa = XCConfigurationList;
			buildConfigurations = (
				A62354E628BCB5D300AD9F21 /* Debug */,
				A62354E728BCB5D300AD9F21 /* Release */,
			);
			defaultConfigurationIsVisible = 0;
			defaultConfigurationName = Release;
		};
/* End XCConfigurationList section */
	};
	rootObject = A62354B328BCB5D000AD9F21 /* Project object */;
}
