// !$*UTF8*$!
{
	archiveVersion = 1;
	classes = {
	};
	objectVersion = 55;
	objects = {

/* Begin PBXBuildFile section */
		A636AC4228C2478900D7BC56 /* UrbexApi.swift in Sources */ = {isa = PBXBuildFile; fileRef = A636AC4128C2478900D7BC56 /* UrbexApi.swift */; };
		A69879BE28BE3C2800751852 /* Launch Screen.storyboard in Resources */ = {isa = PBXBuildFile; fileRef = A69879BD28BE3C2800751852 /* Launch Screen.storyboard */; };
		A69879FB28C0BA8400751852 /* SettingsView.swift in Sources */ = {isa = PBXBuildFile; fileRef = A69879FA28C0BA8400751852 /* SettingsView.swift */; };
		A6CA60D828C1ED73009850FC /* LawVIew.swift in Sources */ = {isa = PBXBuildFile; fileRef = A6CA60D728C1ED73009850FC /* LawVIew.swift */; };
		A943F93628BFA9AD00B04331 /* ButtonLabel.swift in Sources */ = {isa = PBXBuildFile; fileRef = A943F93528BFA9AD00B04331 /* ButtonLabel.swift */; };
		A943F93928C09EC600B04331 /* FileManager+Extension.swift in Sources */ = {isa = PBXBuildFile; fileRef = A943F93828C09EC600B04331 /* FileManager+Extension.swift */; };
		A943F93D28C09EFD00B04331 /* ImagePicker.swift in Sources */ = {isa = PBXBuildFile; fileRef = A943F93B28C09EFD00B04331 /* ImagePicker.swift */; };
		A943F93E28C09EFD00B04331 /* ZoomableScrollView.swift in Sources */ = {isa = PBXBuildFile; fileRef = A943F93C28C09EFD00B04331 /* ZoomableScrollView.swift */; };
		A943F94028C0A1A400B04331 /* MyImageError.swift in Sources */ = {isa = PBXBuildFile; fileRef = A943F93F28C0A1A400B04331 /* MyImageError.swift */; };
		A943F94228C0F2BA00B04331 /* ContentView+Extension.swift in Sources */ = {isa = PBXBuildFile; fileRef = A943F94128C0F2BA00B04331 /* ContentView+Extension.swift */; };
		A97357BE28BCEE6800ACDA48 /* LandmarksApp.swift in Sources */ = {isa = PBXBuildFile; fileRef = A97357BD28BCEE6800ACDA48 /* LandmarksApp.swift */; };
		A97357C028BCEE6800ACDA48 /* ContentView.swift in Sources */ = {isa = PBXBuildFile; fileRef = A97357BF28BCEE6800ACDA48 /* ContentView.swift */; };
		A97357C228BCEE7200ACDA48 /* Assets.xcassets in Resources */ = {isa = PBXBuildFile; fileRef = A97357C128BCEE7200ACDA48 /* Assets.xcassets */; };
		A97357C528BCEE7200ACDA48 /* Preview Assets.xcassets in Resources */ = {isa = PBXBuildFile; fileRef = A97357C428BCEE7200ACDA48 /* Preview Assets.xcassets */; };
		A9B855A228BD02F700BE729E /* CircleImage.swift in Sources */ = {isa = PBXBuildFile; fileRef = A9B855A128BD02F700BE729E /* CircleImage.swift */; };
		A9B855A428BD035E00BE729E /* MapView.swift in Sources */ = {isa = PBXBuildFile; fileRef = A9B855A328BD035E00BE729E /* MapView.swift */; };
		A9B855A628BD06DD00BE729E /* landmarkData.json in Resources */ = {isa = PBXBuildFile; fileRef = A9B855A528BD06DD00BE729E /* landmarkData.json */; };
		A9B855A828BD072300BE729E /* Landmark.swift in Sources */ = {isa = PBXBuildFile; fileRef = A9B855A728BD072300BE729E /* Landmark.swift */; };
		A9B855AA28BD084300BE729E /* ModelData.swift in Sources */ = {isa = PBXBuildFile; fileRef = A9B855A928BD084300BE729E /* ModelData.swift */; };
		A9B855AF28BD090D00BE729E /* LandmarkRow.swift in Sources */ = {isa = PBXBuildFile; fileRef = A9B855AE28BD090D00BE729E /* LandmarkRow.swift */; };
		A9B855B128BD0ACE00BE729E /* LandmarkList.swift in Sources */ = {isa = PBXBuildFile; fileRef = A9B855B028BD0ACE00BE729E /* LandmarkList.swift */; };
		A9B855B328BD0C8900BE729E /* LandmarkDetail.swift in Sources */ = {isa = PBXBuildFile; fileRef = A9B855B228BD0C8900BE729E /* LandmarkDetail.swift */; };
		A9B87DA828BE178D006E78C7 /* ViewModel.swift in Sources */ = {isa = PBXBuildFile; fileRef = A9B87DA728BE178D006E78C7 /* ViewModel.swift */; };
		A9B87DAA28BE1887006E78C7 /* My_ImagesApp.swift in Sources */ = {isa = PBXBuildFile; fileRef = A9B87DA928BE1887006E78C7 /* My_ImagesApp.swift */; };
		A9B87DAC28BE1C42006E78C7 /* ImagesAdd.swift in Sources */ = {isa = PBXBuildFile; fileRef = A9B87DAB28BE1C42006E78C7 /* ImagesAdd.swift */; };
		A9F711EB28BE3E3400A516BE /* Picker.swift in Sources */ = {isa = PBXBuildFile; fileRef = A9F711EA28BE3E3400A516BE /* Picker.swift */; };
		A9F711F228BE613A00A516BE /* MyImage.swift in Sources */ = {isa = PBXBuildFile; fileRef = A9F711F128BE613A00A516BE /* MyImage.swift */; };
		B5FA4F2428C600A80066A464 /* DisplayMap.swift in Sources */ = {isa = PBXBuildFile; fileRef = B5FA4F2328C600A80066A464 /* DisplayMap.swift */; };
/* End PBXBuildFile section */

/* Begin PBXFileReference section */
		A636AC4128C2478900D7BC56 /* UrbexApi.swift */ = {isa = PBXFileReference; lastKnownFileType = sourcecode.swift; path = UrbexApi.swift; sourceTree = "<group>"; };
		A69879BD28BE3C2800751852 /* Launch Screen.storyboard */ = {isa = PBXFileReference; lastKnownFileType = file.storyboard; path = "Launch Screen.storyboard"; sourceTree = "<group>"; };
		A69879BF28BE400000751852 /* Info.plist */ = {isa = PBXFileReference; lastKnownFileType = text.plist; path = Info.plist; sourceTree = "<group>"; };
		A69879FA28C0BA8400751852 /* SettingsView.swift */ = {isa = PBXFileReference; lastKnownFileType = sourcecode.swift; name = SettingsView.swift; path = Landmark/SettingsView.swift; sourceTree = "<group>"; };
		A6CA60D728C1ED73009850FC /* LawVIew.swift */ = {isa = PBXFileReference; lastKnownFileType = sourcecode.swift; path = LawVIew.swift; sourceTree = "<group>"; };
		A943F93528BFA9AD00B04331 /* ButtonLabel.swift */ = {isa = PBXFileReference; lastKnownFileType = sourcecode.swift; path = ButtonLabel.swift; sourceTree = "<group>"; };
		A943F93828C09EC600B04331 /* FileManager+Extension.swift */ = {isa = PBXFileReference; fileEncoding = 4; lastKnownFileType = sourcecode.swift; path = "FileManager+Extension.swift"; sourceTree = "<group>"; };
		A943F93B28C09EFD00B04331 /* ImagePicker.swift */ = {isa = PBXFileReference; fileEncoding = 4; lastKnownFileType = sourcecode.swift; path = ImagePicker.swift; sourceTree = "<group>"; };
		A943F93C28C09EFD00B04331 /* ZoomableScrollView.swift */ = {isa = PBXFileReference; fileEncoding = 4; lastKnownFileType = sourcecode.swift; path = ZoomableScrollView.swift; sourceTree = "<group>"; };
		A943F93F28C0A1A400B04331 /* MyImageError.swift */ = {isa = PBXFileReference; fileEncoding = 4; lastKnownFileType = sourcecode.swift; path = MyImageError.swift; sourceTree = "<group>"; };
		A943F94128C0F2BA00B04331 /* ContentView+Extension.swift */ = {isa = PBXFileReference; lastKnownFileType = sourcecode.swift; path = "ContentView+Extension.swift"; sourceTree = "<group>"; };
		A97357BA28BCEE6800ACDA48 /* Landmarks.app */ = {isa = PBXFileReference; explicitFileType = wrapper.application; includeInIndex = 0; path = Landmarks.app; sourceTree = BUILT_PRODUCTS_DIR; };
		A97357BD28BCEE6800ACDA48 /* LandmarksApp.swift */ = {isa = PBXFileReference; lastKnownFileType = sourcecode.swift; path = LandmarksApp.swift; sourceTree = "<group>"; };
		A97357BF28BCEE6800ACDA48 /* ContentView.swift */ = {isa = PBXFileReference; lastKnownFileType = sourcecode.swift; path = ContentView.swift; sourceTree = "<group>"; };
		A97357C128BCEE7200ACDA48 /* Assets.xcassets */ = {isa = PBXFileReference; lastKnownFileType = folder.assetcatalog; path = Assets.xcassets; sourceTree = "<group>"; };
		A97357C428BCEE7200ACDA48 /* Preview Assets.xcassets */ = {isa = PBXFileReference; lastKnownFileType = folder.assetcatalog; path = "Preview Assets.xcassets"; sourceTree = "<group>"; };
		A9B855A128BD02F700BE729E /* CircleImage.swift */ = {isa = PBXFileReference; lastKnownFileType = sourcecode.swift; path = CircleImage.swift; sourceTree = "<group>"; };
		A9B855A328BD035E00BE729E /* MapView.swift */ = {isa = PBXFileReference; lastKnownFileType = sourcecode.swift; path = MapView.swift; sourceTree = "<group>"; };
		A9B855A528BD06DD00BE729E /* landmarkData.json */ = {isa = PBXFileReference; fileEncoding = 4; lastKnownFileType = text.json; path = landmarkData.json; sourceTree = "<group>"; };
		A9B855A728BD072300BE729E /* Landmark.swift */ = {isa = PBXFileReference; lastKnownFileType = sourcecode.swift; path = Landmark.swift; sourceTree = "<group>"; };
		A9B855A928BD084300BE729E /* ModelData.swift */ = {isa = PBXFileReference; lastKnownFileType = sourcecode.swift; path = ModelData.swift; sourceTree = "<group>"; };
		A9B855AE28BD090D00BE729E /* LandmarkRow.swift */ = {isa = PBXFileReference; lastKnownFileType = sourcecode.swift; path = LandmarkRow.swift; sourceTree = "<group>"; };
		A9B855B028BD0ACE00BE729E /* LandmarkList.swift */ = {isa = PBXFileReference; lastKnownFileType = sourcecode.swift; path = LandmarkList.swift; sourceTree = "<group>"; };
		A9B855B228BD0C8900BE729E /* LandmarkDetail.swift */ = {isa = PBXFileReference; lastKnownFileType = sourcecode.swift; path = LandmarkDetail.swift; sourceTree = "<group>"; };
		A9B87DA728BE178D006E78C7 /* ViewModel.swift */ = {isa = PBXFileReference; lastKnownFileType = sourcecode.swift; path = ViewModel.swift; sourceTree = "<group>"; };
		A9B87DA928BE1887006E78C7 /* My_ImagesApp.swift */ = {isa = PBXFileReference; lastKnownFileType = sourcecode.swift; path = My_ImagesApp.swift; sourceTree = "<group>"; };
		A9B87DAB28BE1C42006E78C7 /* ImagesAdd.swift */ = {isa = PBXFileReference; lastKnownFileType = sourcecode.swift; path = ImagesAdd.swift; sourceTree = "<group>"; };
		A9F711EA28BE3E3400A516BE /* Picker.swift */ = {isa = PBXFileReference; lastKnownFileType = sourcecode.swift; path = Picker.swift; sourceTree = "<group>"; };
		A9F711F128BE613A00A516BE /* MyImage.swift */ = {isa = PBXFileReference; lastKnownFileType = sourcecode.swift; path = MyImage.swift; sourceTree = "<group>"; };
		B5FA4F2328C600A80066A464 /* DisplayMap.swift */ = {isa = PBXFileReference; lastKnownFileType = sourcecode.swift; path = DisplayMap.swift; sourceTree = "<group>"; };
/* End PBXFileReference section */

/* Begin PBXFrameworksBuildPhase section */
		A97357B728BCEE6800ACDA48 /* Frameworks */ = {
			isa = PBXFrameworksBuildPhase;
			buildActionMask = 2147483647;
			files = (
			);
			runOnlyForDeploymentPostprocessing = 0;
		};
/* End PBXFrameworksBuildPhase section */

/* Begin PBXGroup section */
		A69879F828C0BA2E00751852 /* Tab Bar */ = {
			isa = PBXGroup;
			children = (
				A97357BF28BCEE6800ACDA48 /* ContentView.swift */,
				A69879FA28C0BA8400751852 /* SettingsView.swift */,
				A6CA60D728C1ED73009850FC /* LawVIew.swift */,
				A69879F928C0BA4100751852 /* Landmark */,
				A9B87DAB28BE1C42006E78C7 /* ImagesAdd.swift */,
			);
			path = "Tab Bar";
			sourceTree = "<group>";
		};
		A69879F928C0BA4100751852 /* Landmark */ = {
			isa = PBXGroup;
			children = (
				A9B855B028BD0ACE00BE729E /* LandmarkList.swift */,
				A9B855AE28BD090D00BE729E /* LandmarkRow.swift */,
				A9B855B228BD0C8900BE729E /* LandmarkDetail.swift */,
			);
			path = Landmark;
			sourceTree = "<group>";
		};
		A943F93728C09EC600B04331 /* Extensions */ = {
			isa = PBXGroup;
			children = (
				A943F93828C09EC600B04331 /* FileManager+Extension.swift */,
			);
			path = Extensions;
			sourceTree = "<group>";
		};
		A943F93A28C09EFD00B04331 /* UIViewRepresentables */ = {
			isa = PBXGroup;
			children = (
				A943F93B28C09EFD00B04331 /* ImagePicker.swift */,
				A943F93C28C09EFD00B04331 /* ZoomableScrollView.swift */,
			);
			path = UIViewRepresentables;
			sourceTree = "<group>";
		};
		A97357B128BCEE6800ACDA48 = {
			isa = PBXGroup;
			children = (
				B5FA4F2328C600A80066A464 /* DisplayMap.swift */,
				A97357BC28BCEE6800ACDA48 /* Landmarks */,
				A97357BB28BCEE6800ACDA48 /* Products */,
			);
			sourceTree = "<group>";
		};
		A97357BB28BCEE6800ACDA48 /* Products */ = {
			isa = PBXGroup;
			children = (
				A97357BA28BCEE6800ACDA48 /* Landmarks.app */,
			);
			name = Products;
			sourceTree = "<group>";
		};
		A97357BC28BCEE6800ACDA48 /* Landmarks */ = {
			isa = PBXGroup;
			children = (
				A943F93A28C09EFD00B04331 /* UIViewRepresentables */,
				A943F93728C09EC600B04331 /* Extensions */,
				A69879BF28BE400000751852 /* Info.plist */,
				A9B87DA628BE173B006E78C7 /* ViewModels */,
				A97357BD28BCEE6800ACDA48 /* LandmarksApp.swift */,
				A9B855AB28BD089700BE729E /* Views */,
				A97357C128BCEE7200ACDA48 /* Assets.xcassets */,
				A9B855AD28BD08C000BE729E /* Resources */,
				A9B855AC28BD08AC00BE729E /* Model */,
				A97357C328BCEE7200ACDA48 /* Preview Content */,
				A9B87DA928BE1887006E78C7 /* My_ImagesApp.swift */,
			);
			path = Landmarks;
			sourceTree = "<group>";
		};
		A97357C328BCEE7200ACDA48 /* Preview Content */ = {
			isa = PBXGroup;
			children = (
				A97357C428BCEE7200ACDA48 /* Preview Assets.xcassets */,
			);
			path = "Preview Content";
			sourceTree = "<group>";
		};
		A9B855AB28BD089700BE729E /* Views */ = {
			isa = PBXGroup;
			children = (
				A69879BD28BE3C2800751852 /* Launch Screen.storyboard */,
				A69879F828C0BA2E00751852 /* Tab Bar */,
				A9B855A128BD02F700BE729E /* CircleImage.swift */,
				A9B855A328BD035E00BE729E /* MapView.swift */,
				A943F93528BFA9AD00B04331 /* ButtonLabel.swift */,
				A943F94128C0F2BA00B04331 /* ContentView+Extension.swift */,
			);
			path = Views;
			sourceTree = "<group>";
		};
		A9B855AC28BD08AC00BE729E /* Model */ = {
			isa = PBXGroup;
			children = (
				A943F93F28C0A1A400B04331 /* MyImageError.swift */,
				A9B855A728BD072300BE729E /* Landmark.swift */,
				A9B855A928BD084300BE729E /* ModelData.swift */,
				A9F711EA28BE3E3400A516BE /* Picker.swift */,
				A9F711F128BE613A00A516BE /* MyImage.swift */,
			);
			path = Model;
			sourceTree = "<group>";
		};
		A9B855AD28BD08C000BE729E /* Resources */ = {
			isa = PBXGroup;
			children = (
				A9B855A528BD06DD00BE729E /* landmarkData.json */,
				A636AC4128C2478900D7BC56 /* UrbexApi.swift */,
			);
			path = Resources;
			sourceTree = "<group>";
		};
		A9B87DA628BE173B006E78C7 /* ViewModels */ = {
			isa = PBXGroup;
			children = (
				A9B87DA728BE178D006E78C7 /* ViewModel.swift */,
			);
			path = ViewModels;
			sourceTree = "<group>";
		};
/* End PBXGroup section */

/* Begin PBXNativeTarget section */
		A97357B928BCEE6800ACDA48 /* Landmarks */ = {
			isa = PBXNativeTarget;
			buildConfigurationList = A97357C828BCEE7200ACDA48 /* Build configuration list for PBXNativeTarget "Landmarks" */;
			buildPhases = (
				A97357B628BCEE6800ACDA48 /* Sources */,
				A97357B728BCEE6800ACDA48 /* Frameworks */,
				A97357B828BCEE6800ACDA48 /* Resources */,
			);
			buildRules = (
			);
			dependencies = (
			);
			name = Landmarks;
			productName = Landmarks;
			productReference = A97357BA28BCEE6800ACDA48 /* Landmarks.app */;
			productType = "com.apple.product-type.application";
		};
/* End PBXNativeTarget section */

/* Begin PBXProject section */
		A97357B228BCEE6800ACDA48 /* Project object */ = {
			isa = PBXProject;
			attributes = {
				BuildIndependentTargetsInParallel = 1;
				LastSwiftUpdateCheck = 1340;
				LastUpgradeCheck = 1340;
				TargetAttributes = {
					A97357B928BCEE6800ACDA48 = {
						CreatedOnToolsVersion = 13.4.1;
					};
				};
			};
			buildConfigurationList = A97357B528BCEE6800ACDA48 /* Build configuration list for PBXProject "Landmarks" */;
			compatibilityVersion = "Xcode 13.0";
			developmentRegion = en;
			hasScannedForEncodings = 0;
			knownRegions = (
				en,
				Base,
			);
			mainGroup = A97357B128BCEE6800ACDA48;
			productRefGroup = A97357BB28BCEE6800ACDA48 /* Products */;
			projectDirPath = "";
			projectRoot = "";
			targets = (
				A97357B928BCEE6800ACDA48 /* Landmarks */,
			);
		};
/* End PBXProject section */

/* Begin PBXResourcesBuildPhase section */
		A97357B828BCEE6800ACDA48 /* Resources */ = {
			isa = PBXResourcesBuildPhase;
			buildActionMask = 2147483647;
			files = (
				A97357C528BCEE7200ACDA48 /* Preview Assets.xcassets in Resources */,
				A97357C228BCEE7200ACDA48 /* Assets.xcassets in Resources */,
				A69879BE28BE3C2800751852 /* Launch Screen.storyboard in Resources */,
				A9B855A628BD06DD00BE729E /* landmarkData.json in Resources */,
			);
			runOnlyForDeploymentPostprocessing = 0;
		};
/* End PBXResourcesBuildPhase section */

/* Begin PBXSourcesBuildPhase section */
		A97357B628BCEE6800ACDA48 /* Sources */ = {
			isa = PBXSourcesBuildPhase;
			buildActionMask = 2147483647;
			files = (
				A943F93628BFA9AD00B04331 /* ButtonLabel.swift in Sources */,
				A9B87DA828BE178D006E78C7 /* ViewModel.swift in Sources */,
				A9F711F228BE613A00A516BE /* MyImage.swift in Sources */,
				A636AC4228C2478900D7BC56 /* UrbexApi.swift in Sources */,
				A6CA60D828C1ED73009850FC /* LawVIew.swift in Sources */,
				A943F93D28C09EFD00B04331 /* ImagePicker.swift in Sources */,
				A943F94228C0F2BA00B04331 /* ContentView+Extension.swift in Sources */,
				A943F93E28C09EFD00B04331 /* ZoomableScrollView.swift in Sources */,
				A9B87DAC28BE1C42006E78C7 /* ImagesAdd.swift in Sources */,
				A97357C028BCEE6800ACDA48 /* ContentView.swift in Sources */,
				A9B855A428BD035E00BE729E /* MapView.swift in Sources */,
				A97357BE28BCEE6800ACDA48 /* LandmarksApp.swift in Sources */,
				A9B855B128BD0ACE00BE729E /* LandmarkList.swift in Sources */,
				A943F94028C0A1A400B04331 /* MyImageError.swift in Sources */,
				A9B855B328BD0C8900BE729E /* LandmarkDetail.swift in Sources */,
				A9B855A228BD02F700BE729E /* CircleImage.swift in Sources */,
				A69879FB28C0BA8400751852 /* SettingsView.swift in Sources */,
				A9B87DAA28BE1887006E78C7 /* My_ImagesApp.swift in Sources */,
				A9F711EB28BE3E3400A516BE /* Picker.swift in Sources */,
				A9B855A828BD072300BE729E /* Landmark.swift in Sources */,
				A9B855AF28BD090D00BE729E /* LandmarkRow.swift in Sources */,
				A9B855AA28BD084300BE729E /* ModelData.swift in Sources */,
				A943F93928C09EC600B04331 /* FileManager+Extension.swift in Sources */,
				B5FA4F2428C600A80066A464 /* DisplayMap.swift in Sources */,
			);
			runOnlyForDeploymentPostprocessing = 0;
		};
/* End PBXSourcesBuildPhase section */

/* Begin XCBuildConfiguration section */
		A97357C628BCEE7200ACDA48 /* Debug */ = {
			isa = XCBuildConfiguration;
			buildSettings = {
				ALWAYS_SEARCH_USER_PATHS = NO;
				CLANG_ANALYZER_NONNULL = YES;
				CLANG_ANALYZER_NUMBER_OBJECT_CONVERSION = YES_AGGRESSIVE;
				CLANG_CXX_LANGUAGE_STANDARD = "gnu++17";
				CLANG_ENABLE_MODULES = YES;
				CLANG_ENABLE_OBJC_ARC = YES;
				CLANG_ENABLE_OBJC_WEAK = YES;
				CLANG_WARN_BLOCK_CAPTURE_AUTORELEASING = YES;
				CLANG_WARN_BOOL_CONVERSION = YES;
				CLANG_WARN_COMMA = YES;
				CLANG_WARN_CONSTANT_CONVERSION = YES;
				CLANG_WARN_DEPRECATED_OBJC_IMPLEMENTATIONS = YES;
				CLANG_WARN_DIRECT_OBJC_ISA_USAGE = YES_ERROR;
				CLANG_WARN_DOCUMENTATION_COMMENTS = YES;
				CLANG_WARN_EMPTY_BODY = YES;
				CLANG_WARN_ENUM_CONVERSION = YES;
				CLANG_WARN_INFINITE_RECURSION = YES;
				CLANG_WARN_INT_CONVERSION = YES;
				CLANG_WARN_NON_LITERAL_NULL_CONVERSION = YES;
				CLANG_WARN_OBJC_IMPLICIT_RETAIN_SELF = YES;
				CLANG_WARN_OBJC_LITERAL_CONVERSION = YES;
				CLANG_WARN_OBJC_ROOT_CLASS = YES_ERROR;
				CLANG_WARN_QUOTED_INCLUDE_IN_FRAMEWORK_HEADER = YES;
				CLANG_WARN_RANGE_LOOP_ANALYSIS = YES;
				CLANG_WARN_STRICT_PROTOTYPES = YES;
				CLANG_WARN_SUSPICIOUS_MOVE = YES;
				CLANG_WARN_UNGUARDED_AVAILABILITY = YES_AGGRESSIVE;
				CLANG_WARN_UNREACHABLE_CODE = YES;
				CLANG_WARN__DUPLICATE_METHOD_MATCH = YES;
				COPY_PHASE_STRIP = NO;
				DEBUG_INFORMATION_FORMAT = dwarf;
				ENABLE_STRICT_OBJC_MSGSEND = YES;
				ENABLE_TESTABILITY = YES;
				GCC_C_LANGUAGE_STANDARD = gnu11;
				GCC_DYNAMIC_NO_PIC = NO;
				GCC_NO_COMMON_BLOCKS = YES;
				GCC_OPTIMIZATION_LEVEL = 0;
				GCC_PREPROCESSOR_DEFINITIONS = (
					"DEBUG=1",
					"$(inherited)",
				);
				GCC_WARN_64_TO_32_BIT_CONVERSION = YES;
				GCC_WARN_ABOUT_RETURN_TYPE = YES_ERROR;
				GCC_WARN_UNDECLARED_SELECTOR = YES;
				GCC_WARN_UNINITIALIZED_AUTOS = YES_AGGRESSIVE;
				GCC_WARN_UNUSED_FUNCTION = YES;
				GCC_WARN_UNUSED_VARIABLE = YES;
				IPHONEOS_DEPLOYMENT_TARGET = 15.5;
				MTL_ENABLE_DEBUG_INFO = INCLUDE_SOURCE;
				MTL_FAST_MATH = YES;
				ONLY_ACTIVE_ARCH = YES;
				SDKROOT = iphoneos;
				SWIFT_ACTIVE_COMPILATION_CONDITIONS = DEBUG;
				SWIFT_OPTIMIZATION_LEVEL = "-Onone";
			};
			name = Debug;
		};
		A97357C728BCEE7200ACDA48 /* Release */ = {
			isa = XCBuildConfiguration;
			buildSettings = {
				ALWAYS_SEARCH_USER_PATHS = NO;
				CLANG_ANALYZER_NONNULL = YES;
				CLANG_ANALYZER_NUMBER_OBJECT_CONVERSION = YES_AGGRESSIVE;
				CLANG_CXX_LANGUAGE_STANDARD = "gnu++17";
				CLANG_ENABLE_MODULES = YES;
				CLANG_ENABLE_OBJC_ARC = YES;
				CLANG_ENABLE_OBJC_WEAK = YES;
				CLANG_WARN_BLOCK_CAPTURE_AUTORELEASING = YES;
				CLANG_WARN_BOOL_CONVERSION = YES;
				CLANG_WARN_COMMA = YES;
				CLANG_WARN_CONSTANT_CONVERSION = YES;
				CLANG_WARN_DEPRECATED_OBJC_IMPLEMENTATIONS = YES;
				CLANG_WARN_DIRECT_OBJC_ISA_USAGE = YES_ERROR;
				CLANG_WARN_DOCUMENTATION_COMMENTS = YES;
				CLANG_WARN_EMPTY_BODY = YES;
				CLANG_WARN_ENUM_CONVERSION = YES;
				CLANG_WARN_INFINITE_RECURSION = YES;
				CLANG_WARN_INT_CONVERSION = YES;
				CLANG_WARN_NON_LITERAL_NULL_CONVERSION = YES;
				CLANG_WARN_OBJC_IMPLICIT_RETAIN_SELF = YES;
				CLANG_WARN_OBJC_LITERAL_CONVERSION = YES;
				CLANG_WARN_OBJC_ROOT_CLASS = YES_ERROR;
				CLANG_WARN_QUOTED_INCLUDE_IN_FRAMEWORK_HEADER = YES;
				CLANG_WARN_RANGE_LOOP_ANALYSIS = YES;
				CLANG_WARN_STRICT_PROTOTYPES = YES;
				CLANG_WARN_SUSPICIOUS_MOVE = YES;
				CLANG_WARN_UNGUARDED_AVAILABILITY = YES_AGGRESSIVE;
				CLANG_WARN_UNREACHABLE_CODE = YES;
				CLANG_WARN__DUPLICATE_METHOD_MATCH = YES;
				COPY_PHASE_STRIP = NO;
				DEBUG_INFORMATION_FORMAT = "dwarf-with-dsym";
				ENABLE_NS_ASSERTIONS = NO;
				ENABLE_STRICT_OBJC_MSGSEND = YES;
				GCC_C_LANGUAGE_STANDARD = gnu11;
				GCC_NO_COMMON_BLOCKS = YES;
				GCC_WARN_64_TO_32_BIT_CONVERSION = YES;
				GCC_WARN_ABOUT_RETURN_TYPE = YES_ERROR;
				GCC_WARN_UNDECLARED_SELECTOR = YES;
				GCC_WARN_UNINITIALIZED_AUTOS = YES_AGGRESSIVE;
				GCC_WARN_UNUSED_FUNCTION = YES;
				GCC_WARN_UNUSED_VARIABLE = YES;
				IPHONEOS_DEPLOYMENT_TARGET = 15.5;
				MTL_ENABLE_DEBUG_INFO = NO;
				MTL_FAST_MATH = YES;
				SDKROOT = iphoneos;
				SWIFT_COMPILATION_MODE = wholemodule;
				SWIFT_OPTIMIZATION_LEVEL = "-O";
				VALIDATE_PRODUCT = YES;
			};
			name = Release;
		};
		A97357C928BCEE7200ACDA48 /* Debug */ = {
			isa = XCBuildConfiguration;
			buildSettings = {
				ASSETCATALOG_COMPILER_APPICON_NAME = AppIcon;
				ASSETCATALOG_COMPILER_GLOBAL_ACCENT_COLOR_NAME = AccentColor;
				CODE_SIGN_IDENTITY = "Apple Development";
				CODE_SIGN_STYLE = Automatic;
				CURRENT_PROJECT_VERSION = 1;
				DEVELOPMENT_ASSET_PATHS = "\"Landmarks/Preview Content\"";
				DEVELOPMENT_TEAM = LR996K9262;
				ENABLE_PREVIEWS = YES;
				GENERATE_INFOPLIST_FILE = YES;
				INFOPLIST_FILE = Landmarks/Info.plist;
				INFOPLIST_KEY_NSCameraUsageDescription = "Would like to use the camera to take photos";
				INFOPLIST_KEY_UIApplicationSceneManifest_Generation = YES;
				INFOPLIST_KEY_UIApplicationSupportsIndirectInputEvents = YES;
				INFOPLIST_KEY_UILaunchStoryboardName = "Launch Screen";
				INFOPLIST_KEY_UISupportedInterfaceOrientations_iPad = "UIInterfaceOrientationPortrait UIInterfaceOrientationPortraitUpsideDown UIInterfaceOrientationLandscapeLeft UIInterfaceOrientationLandscapeRight";
				INFOPLIST_KEY_UISupportedInterfaceOrientations_iPhone = "UIInterfaceOrientationPortrait UIInterfaceOrientationLandscapeLeft UIInterfaceOrientationLandscapeRight";
				LD_RUNPATH_SEARCH_PATHS = (
					"$(inherited)",
					"@executable_path/Frameworks",
				);
				MARKETING_VERSION = 1.0;
				PRODUCT_BUNDLE_IDENTIFIER = sandy.cs.Landmarks;
				PRODUCT_NAME = "$(TARGET_NAME)";
				PROVISIONING_PROFILE_SPECIFIER = "";
				SWIFT_EMIT_LOC_STRINGS = YES;
				SWIFT_VERSION = 5.0;
				TARGETED_DEVICE_FAMILY = "1,2";
			};
			name = Debug;
		};
		A97357CA28BCEE7200ACDA48 /* Release */ = {
			isa = XCBuildConfiguration;
			buildSettings = {
				ASSETCATALOG_COMPILER_APPICON_NAME = AppIcon;
				ASSETCATALOG_COMPILER_GLOBAL_ACCENT_COLOR_NAME = AccentColor;
				CODE_SIGN_IDENTITY = "Apple Development";
				CODE_SIGN_STYLE = Automatic;
				CURRENT_PROJECT_VERSION = 1;
				DEVELOPMENT_ASSET_PATHS = "\"Landmarks/Preview Content\"";
				DEVELOPMENT_TEAM = LR996K9262;
				ENABLE_PREVIEWS = YES;
				GENERATE_INFOPLIST_FILE = YES;
				INFOPLIST_FILE = Landmarks/Info.plist;
				INFOPLIST_KEY_NSCameraUsageDescription = "Would like to use the camera to take photos";
				INFOPLIST_KEY_UIApplicationSceneManifest_Generation = YES;
				INFOPLIST_KEY_UIApplicationSupportsIndirectInputEvents = YES;
				INFOPLIST_KEY_UILaunchStoryboardName = "Launch Screen";
				INFOPLIST_KEY_UISupportedInterfaceOrientations_iPad = "UIInterfaceOrientationPortrait UIInterfaceOrientationPortraitUpsideDown UIInterfaceOrientationLandscapeLeft UIInterfaceOrientationLandscapeRight";
				INFOPLIST_KEY_UISupportedInterfaceOrientations_iPhone = "UIInterfaceOrientationPortrait UIInterfaceOrientationLandscapeLeft UIInterfaceOrientationLandscapeRight";
				LD_RUNPATH_SEARCH_PATHS = (
					"$(inherited)",
					"@executable_path/Frameworks",
				);
				MARKETING_VERSION = 1.0;
				PRODUCT_BUNDLE_IDENTIFIER = sandy.cs.Landmarks;
				PRODUCT_NAME = "$(TARGET_NAME)";
				PROVISIONING_PROFILE_SPECIFIER = "";
				SWIFT_EMIT_LOC_STRINGS = YES;
				SWIFT_VERSION = 5.0;
				TARGETED_DEVICE_FAMILY = "1,2";
			};
			name = Release;
		};
/* End XCBuildConfiguration section */

/* Begin XCConfigurationList section */
		A97357B528BCEE6800ACDA48 /* Build configuration list for PBXProject "Landmarks" */ = {
			isa = XCConfigurationList;
			buildConfigurations = (
				A97357C628BCEE7200ACDA48 /* Debug */,
				A97357C728BCEE7200ACDA48 /* Release */,
			);
			defaultConfigurationIsVisible = 0;
			defaultConfigurationName = Release;
		};
		A97357C828BCEE7200ACDA48 /* Build configuration list for PBXNativeTarget "Landmarks" */ = {
			isa = XCConfigurationList;
			buildConfigurations = (
				A97357C928BCEE7200ACDA48 /* Debug */,
				A97357CA28BCEE7200ACDA48 /* Release */,
			);
			defaultConfigurationIsVisible = 0;
			defaultConfigurationName = Release;
		};
/* End XCConfigurationList section */
	};
	rootObject = A97357B228BCEE6800ACDA48 /* Project object */;
}
